
Microsoft Visual Studio Solution File, Format Version 12.00
# Visual Studio Version 16
VisualStudioVersion = 16.0.31910.168
MinimumVisualStudioVersion = 10.0.40219.1
Project("{FAE04EC0-301F-11D3-BF4B-00C04F79EFBC}") = "Web_Video", "Web_Video.csproj", "{3E1DF314-6774-4E71-8DF0-CF0D736C2C3E}"
EndProject
Global
	GlobalSection(SolutionConfigurationPlatforms) = preSolution
		Debug|Any CPU = Debug|Any CPU
		Release|Any CPU = Release|Any CPU
	EndGlobalSection
	GlobalSection(ProjectConfigurationPlatforms) = postSolution
		{3E1DF314-6774-4E71-8DF0-CF0D736C2C3E}.Debug|Any CPU.ActiveCfg = Debug|Any CPU
		{3E1DF314-6774-4E71-8DF0-CF0D736C2C3E}.Debug|Any CPU.Build.0 = Debug|Any CPU
		{3E1DF314-6774-4E71-8DF0-CF0D736C2C3E}.Release|Any CPU.ActiveCfg = Release|Any CPU
		{3E1DF314-6774-4E71-8DF0-CF0D736C2C3E}.Release|Any CPU.Build.0 = Release|Any CPU
	EndGlobalSection
	GlobalSection(SolutionProperties) = preSolution
		HideSolutionNode = FALSE
	EndGlobalSection
	GlobalSection(ExtensibilityGlobals) = postSolution
		SolutionGuid = {A52DB08E-4A66-4DBF-98D6-156E8FABED32}
	EndGlobalSection
EndGlobal
